
Microsoft Visual Studio Solution File, Format Version 12.00
# Visual Studio Version 16
VisualStudioVersion = 16.0.30804.86
MinimumVisualStudioVersion = 10.0.40219.1
Project("{FAE04EC0-301F-11D3-BF4B-00C04F79EFBC}") = "Variables", "Variables\Variables.csproj", "{69BFC6BC-1CCD-4A8F-911F-96FD59812070}"
EndProject
Global
	GlobalSection(SolutionConfigurationPlatforms) = preSolution
		Debug|Any CPU = Debug|Any CPU
		Release|Any CPU = Release|Any CPU
	EndGlobalSection
	GlobalSection(ProjectConfigurationPlatforms) = postSolution
		{69BFC6BC-1CCD-4A8F-911F-96FD59812070}.Debug|Any CPU.ActiveCfg = Debug|Any CPU
		{69BFC6BC-1CCD-4A8F-911F-96FD59812070}.Debug|Any CPU.Build.0 = Debug|Any CPU
		{69BFC6BC-1CCD-4A8F-911F-96FD59812070}.Release|Any CPU.ActiveCfg = Release|Any CPU
		{69BFC6BC-1CCD-4A8F-911F-96FD59812070}.Release|Any CPU.Build.0 = Release|Any CPU
	EndGlobalSection
	GlobalSection(SolutionProperties) = preSolution
		HideSolutionNode = FALSE
	EndGlobalSection
	GlobalSection(ExtensibilityGlobals) = postSolution
		SolutionGuid = {EC96A1AD-8F94-431C-8AA7-B88601A72560}
	EndGlobalSection
EndGlobal
